
Microsoft Visual Studio Solution File, Format Version 12.00
# Visual Studio Version 17
VisualStudioVersion = 17.2.32630.192
MinimumVisualStudioVersion = 10.0.40219.1
Project("{FAE04EC0-301F-11D3-BF4B-00C04F79EFBC}") = "WpfApp_DataBinding_3", "WpfApp_DataBinding_3.csproj", "{F317926B-2ADC-41B4-AA2E-99FFAB8194D5}"
EndProject
Global
	GlobalSection(SolutionConfigurationPlatforms) = preSolution
		Debug|Any CPU = Debug|Any CPU
		Release|Any CPU = Release|Any CPU
	EndGlobalSection
	GlobalSection(ProjectConfigurationPlatforms) = postSolution
		{F317926B-2ADC-41B4-AA2E-99FFAB8194D5}.Debug|Any CPU.ActiveCfg = Debug|Any CPU
		{F317926B-2ADC-41B4-AA2E-99FFAB8194D5}.Debug|Any CPU.Build.0 = Debug|Any CPU
		{F317926B-2ADC-41B4-AA2E-99FFAB8194D5}.Release|Any CPU.ActiveCfg = Release|Any CPU
		{F317926B-2ADC-41B4-AA2E-99FFAB8194D5}.Release|Any CPU.Build.0 = Release|Any CPU
	EndGlobalSection
	GlobalSection(SolutionProperties) = preSolution
		HideSolutionNode = FALSE
	EndGlobalSection
	GlobalSection(ExtensibilityGlobals) = postSolution
		SolutionGuid = {DB7C9243-64CC-45B3-B23F-94595A1767B1}
	EndGlobalSection
EndGlobal
